// !$*UTF8*$!
{
	archiveVersion = 1;
	classes = {
	};
	objectVersion = 56;
	objects = {

/* Begin PBXBuildFile section */
		01E408B22C64E0280006B86F /* AppDelegate.swift in Sources */ = {isa = PBXBuildFile; fileRef = 01E408B12C64E0280006B86F /* AppDelegate.swift */; };
		01E408B42C64E0280006B86F /* SceneDelegate.swift in Sources */ = {isa = PBXBuildFile; fileRef = 01E408B32C64E0280006B86F /* SceneDelegate.swift */; };
		01E408B62C64E0280006B86F /* SearchViewController.swift in Sources */ = {isa = PBXBuildFile; fileRef = 01E408B52C64E0280006B86F /* SearchViewController.swift */; };
		01E408BB2C64E02A0006B86F /* Assets.xcassets in Resources */ = {isa = PBXBuildFile; fileRef = 01E408BA2C64E02A0006B86F /* Assets.xcassets */; };
		01E408BE2C64E02A0006B86F /* Base in Resources */ = {isa = PBXBuildFile; fileRef = 01E408BD2C64E02A0006B86F /* Base */; };
		01E408C62C64E71B0006B86F /* SearchTableViewCell.swift in Sources */ = {isa = PBXBuildFile; fileRef = 01E408C52C64E71B0006B86F /* SearchTableViewCell.swift */; };
		01E408C92C64E72E0006B86F /* SnapKit in Frameworks */ = {isa = PBXBuildFile; productRef = 01E408C82C64E72E0006B86F /* SnapKit */; };
		01E408CC2C64E7430006B86F /* RxCocoa in Frameworks */ = {isa = PBXBuildFile; productRef = 01E408CB2C64E7430006B86F /* RxCocoa */; };
		01E408CE2C64E7430006B86F /* RxSwift in Frameworks */ = {isa = PBXBuildFile; productRef = 01E408CD2C64E7430006B86F /* RxSwift */; };
		01E408D02C65034D0006B86F /* NetworkManager.swift in Sources */ = {isa = PBXBuildFile; fileRef = 01E408CF2C65034D0006B86F /* NetworkManager.swift */; };
		01E408D22C65044F0006B86F /* Search.swift in Sources */ = {isa = PBXBuildFile; fileRef = 01E408D12C65044F0006B86F /* Search.swift */; };
		01E408D42C6507460006B86F /* SearchViewModel.swift in Sources */ = {isa = PBXBuildFile; fileRef = 01E408D32C6507460006B86F /* SearchViewModel.swift */; };
		01E408D72C65DF280006B86F /* Kingfisher in Frameworks */ = {isa = PBXBuildFile; productRef = 01E408D62C65DF280006B86F /* Kingfisher */; };
		01E408D92C65EEF00006B86F /* DetailViewController.swift in Sources */ = {isa = PBXBuildFile; fileRef = 01E408D82C65EEF00006B86F /* DetailViewController.swift */; };
		01E408DF2C65F3370006B86F /* DetailViewModel.swift in Sources */ = {isa = PBXBuildFile; fileRef = 01E408DE2C65F3370006B86F /* DetailViewModel.swift */; };
/* End PBXBuildFile section */

/* Begin PBXFileReference section */
		01E408AE2C64E0280006B86F /* iTunesSearch.app */ = {isa = PBXFileReference; explicitFileType = wrapper.application; includeInIndex = 0; path = iTunesSearch.app; sourceTree = BUILT_PRODUCTS_DIR; };
		01E408B12C64E0280006B86F /* AppDelegate.swift */ = {isa = PBXFileReference; lastKnownFileType = sourcecode.swift; path = AppDelegate.swift; sourceTree = "<group>"; };
		01E408B32C64E0280006B86F /* SceneDelegate.swift */ = {isa = PBXFileReference; lastKnownFileType = sourcecode.swift; path = SceneDelegate.swift; sourceTree = "<group>"; };
		01E408B52C64E0280006B86F /* SearchViewController.swift */ = {isa = PBXFileReference; lastKnownFileType = sourcecode.swift; path = SearchViewController.swift; sourceTree = "<group>"; };
		01E408BA2C64E02A0006B86F /* Assets.xcassets */ = {isa = PBXFileReference; lastKnownFileType = folder.assetcatalog; path = Assets.xcassets; sourceTree = "<group>"; };
		01E408BD2C64E02A0006B86F /* Base */ = {isa = PBXFileReference; lastKnownFileType = file.storyboard; name = Base; path = Base.lproj/LaunchScreen.storyboard; sourceTree = "<group>"; };
		01E408BF2C64E02A0006B86F /* Info.plist */ = {isa = PBXFileReference; lastKnownFileType = text.plist.xml; path = Info.plist; sourceTree = "<group>"; };
		01E408C52C64E71B0006B86F /* SearchTableViewCell.swift */ = {isa = PBXFileReference; lastKnownFileType = sourcecode.swift; path = SearchTableViewCell.swift; sourceTree = "<group>"; };
		01E408CF2C65034D0006B86F /* NetworkManager.swift */ = {isa = PBXFileReference; lastKnownFileType = sourcecode.swift; path = NetworkManager.swift; sourceTree = "<group>"; };
		01E408D12C65044F0006B86F /* Search.swift */ = {isa = PBXFileReference; lastKnownFileType = sourcecode.swift; path = Search.swift; sourceTree = "<group>"; };
		01E408D32C6507460006B86F /* SearchViewModel.swift */ = {isa = PBXFileReference; lastKnownFileType = sourcecode.swift; path = SearchViewModel.swift; sourceTree = "<group>"; };
		01E408D82C65EEF00006B86F /* DetailViewController.swift */ = {isa = PBXFileReference; lastKnownFileType = sourcecode.swift; path = DetailViewController.swift; sourceTree = "<group>"; };
		01E408DE2C65F3370006B86F /* DetailViewModel.swift */ = {isa = PBXFileReference; lastKnownFileType = sourcecode.swift; path = DetailViewModel.swift; sourceTree = "<group>"; };
/* End PBXFileReference section */

/* Begin PBXFrameworksBuildPhase section */
		01E408AB2C64E0280006B86F /* Frameworks */ = {
			isa = PBXFrameworksBuildPhase;
			buildActionMask = 2147483647;
			files = (
				01E408D72C65DF280006B86F /* Kingfisher in Frameworks */,
				01E408CE2C64E7430006B86F /* RxSwift in Frameworks */,
				01E408CC2C64E7430006B86F /* RxCocoa in Frameworks */,
				01E408C92C64E72E0006B86F /* SnapKit in Frameworks */,
			);
			runOnlyForDeploymentPostprocessing = 0;
		};
/* End PBXFrameworksBuildPhase section */

/* Begin PBXGroup section */
		01E408A52C64E0280006B86F = {
			isa = PBXGroup;
			children = (
				01E408B02C64E0280006B86F /* iTunesSearch */,
				01E408AF2C64E0280006B86F /* Products */,
			);
			sourceTree = "<group>";
		};
		01E408AF2C64E0280006B86F /* Products */ = {
			isa = PBXGroup;
			children = (
				01E408AE2C64E0280006B86F /* iTunesSearch.app */,
			);
			name = Products;
			sourceTree = "<group>";
		};
		01E408B02C64E0280006B86F /* iTunesSearch */ = {
			isa = PBXGroup;
			children = (
				01E408B12C64E0280006B86F /* AppDelegate.swift */,
				01E408B32C64E0280006B86F /* SceneDelegate.swift */,
				01E408DD2C65F30D0006B86F /* SearchDetail */,
				01E408DC2C65F3020006B86F /* Model */,
				01E408DB2C65F2F70006B86F /* Network */,
				01E408DA2C65F0AE0006B86F /* Search */,
				01E408BA2C64E02A0006B86F /* Assets.xcassets */,
				01E408BC2C64E02A0006B86F /* LaunchScreen.storyboard */,
				01E408BF2C64E02A0006B86F /* Info.plist */,
			);
			path = iTunesSearch;
			sourceTree = "<group>";
		};
		01E408DA2C65F0AE0006B86F /* Search */ = {
			isa = PBXGroup;
			children = (
				01E408B52C64E0280006B86F /* SearchViewController.swift */,
				01E408D32C6507460006B86F /* SearchViewModel.swift */,
				01E408C52C64E71B0006B86F /* SearchTableViewCell.swift */,
			);
			path = Search;
			sourceTree = "<group>";
		};
		01E408DB2C65F2F70006B86F /* Network */ = {
			isa = PBXGroup;
			children = (
				01E408CF2C65034D0006B86F /* NetworkManager.swift */,
			);
			path = Network;
			sourceTree = "<group>";
		};
		01E408DC2C65F3020006B86F /* Model */ = {
			isa = PBXGroup;
			children = (
				01E408D12C65044F0006B86F /* Search.swift */,
			);
			path = Model;
			sourceTree = "<group>";
		};
		01E408DD2C65F30D0006B86F /* SearchDetail */ = {
			isa = PBXGroup;
			children = (
				01E408D82C65EEF00006B86F /* DetailViewController.swift */,
				01E408DE2C65F3370006B86F /* DetailViewModel.swift */,
			);
			path = SearchDetail;
			sourceTree = "<group>";
		};
/* End PBXGroup section */

/* Begin PBXNativeTarget section */
		01E408AD2C64E0280006B86F /* iTunesSearch */ = {
			isa = PBXNativeTarget;
			buildConfigurationList = 01E408C22C64E02A0006B86F /* Build configuration list for PBXNativeTarget "iTunesSearch" */;
			buildPhases = (
				01E408AA2C64E0280006B86F /* Sources */,
				01E408AB2C64E0280006B86F /* Frameworks */,
				01E408AC2C64E0280006B86F /* Resources */,
			);
			buildRules = (
			);
			dependencies = (
			);
			name = iTunesSearch;
			packageProductDependencies = (
				01E408C82C64E72E0006B86F /* SnapKit */,
				01E408CB2C64E7430006B86F /* RxCocoa */,
				01E408CD2C64E7430006B86F /* RxSwift */,
				01E408D62C65DF280006B86F /* Kingfisher */,
			);
			productName = iTunesSearch;
			productReference = 01E408AE2C64E0280006B86F /* iTunesSearch.app */;
			productType = "com.apple.product-type.application";
		};
/* End PBXNativeTarget section */

/* Begin PBXProject section */
		01E408A62C64E0280006B86F /* Project object */ = {
			isa = PBXProject;
			attributes = {
				BuildIndependentTargetsInParallel = 1;
				LastSwiftUpdateCheck = 1530;
				LastUpgradeCheck = 1530;
				TargetAttributes = {
					01E408AD2C64E0280006B86F = {
						CreatedOnToolsVersion = 15.3;
					};
				};
			};
			buildConfigurationList = 01E408A92C64E0280006B86F /* Build configuration list for PBXProject "iTunesSearch" */;
			compatibilityVersion = "Xcode 14.0";
			developmentRegion = en;
			hasScannedForEncodings = 0;
			knownRegions = (
				en,
				Base,
			);
			mainGroup = 01E408A52C64E0280006B86F;
			packageReferences = (
				01E408C72C64E72E0006B86F /* XCRemoteSwiftPackageReference "SnapKit" */,
				01E408CA2C64E7430006B86F /* XCRemoteSwiftPackageReference "RxSwift" */,
				01E408D52C65DF280006B86F /* XCRemoteSwiftPackageReference "Kingfisher" */,
			);
			productRefGroup = 01E408AF2C64E0280006B86F /* Products */;
			projectDirPath = "";
			projectRoot = "";
			targets = (
				01E408AD2C64E0280006B86F /* iTunesSearch */,
			);
		};
/* End PBXProject section */

/* Begin PBXResourcesBuildPhase section */
		01E408AC2C64E0280006B86F /* Resources */ = {
			isa = PBXResourcesBuildPhase;
			buildActionMask = 2147483647;
			files = (
				01E408BB2C64E02A0006B86F /* Assets.xcassets in Resources */,
				01E408BE2C64E02A0006B86F /* Base in Resources */,
			);
			runOnlyForDeploymentPostprocessing = 0;
		};
/* End PBXResourcesBuildPhase section */

/* Begin PBXSourcesBuildPhase section */
		01E408AA2C64E0280006B86F /* Sources */ = {
			isa = PBXSourcesBuildPhase;
			buildActionMask = 2147483647;
			files = (
				01E408B62C64E0280006B86F /* SearchViewController.swift in Sources */,
				01E408D42C6507460006B86F /* SearchViewModel.swift in Sources */,
				01E408C62C64E71B0006B86F /* SearchTableViewCell.swift in Sources */,
				01E408D02C65034D0006B86F /* NetworkManager.swift in Sources */,
				01E408DF2C65F3370006B86F /* DetailViewModel.swift in Sources */,
				01E408D22C65044F0006B86F /* Search.swift in Sources */,
				01E408B22C64E0280006B86F /* AppDelegate.swift in Sources */,
				01E408B42C64E0280006B86F /* SceneDelegate.swift in Sources */,
				01E408D92C65EEF00006B86F /* DetailViewController.swift in Sources */,
			);
			runOnlyForDeploymentPostprocessing = 0;
		};
/* End PBXSourcesBuildPhase section */

/* Begin PBXVariantGroup section */
		01E408BC2C64E02A0006B86F /* LaunchScreen.storyboard */ = {
			isa = PBXVariantGroup;
			children = (
				01E408BD2C64E02A0006B86F /* Base */,
			);
			name = LaunchScreen.storyboard;
			sourceTree = "<group>";
		};
/* End PBXVariantGroup section */

/* Begin XCBuildConfiguration section */
		01E408C02C64E02A0006B86F /* Debug */ = {
			isa = XCBuildConfiguration;
			buildSettings = {
				ALWAYS_SEARCH_USER_PATHS = NO;
				ASSETCATALOG_COMPILER_GENERATE_SWIFT_ASSET_SYMBOL_EXTENSIONS = YES;
				CLANG_ANALYZER_NONNULL = YES;
				CLANG_ANALYZER_NUMBER_OBJECT_CONVERSION = YES_AGGRESSIVE;
				CLANG_CXX_LANGUAGE_STANDARD = "gnu++20";
				CLANG_ENABLE_MODULES = YES;
				CLANG_ENABLE_OBJC_ARC = YES;
				CLANG_ENABLE_OBJC_WEAK = YES;
				CLANG_WARN_BLOCK_CAPTURE_AUTORELEASING = YES;
				CLANG_WARN_BOOL_CONVERSION = YES;
				CLANG_WARN_COMMA = YES;
				CLANG_WARN_CONSTANT_CONVERSION = YES;
				CLANG_WARN_DEPRECATED_OBJC_IMPLEMENTATIONS = YES;
				CLANG_WARN_DIRECT_OBJC_ISA_USAGE = YES_ERROR;
				CLANG_WARN_DOCUMENTATION_COMMENTS = YES;
				CLANG_WARN_EMPTY_BODY = YES;
				CLANG_WARN_ENUM_CONVERSION = YES;
				CLANG_WARN_INFINITE_RECURSION = YES;
				CLANG_WARN_INT_CONVERSION = YES;
				CLANG_WARN_NON_LITERAL_NULL_CONVERSION = YES;
				CLANG_WARN_OBJC_IMPLICIT_RETAIN_SELF = YES;
				CLANG_WARN_OBJC_LITERAL_CONVERSION = YES;
				CLANG_WARN_OBJC_ROOT_CLASS = YES_ERROR;
				CLANG_WARN_QUOTED_INCLUDE_IN_FRAMEWORK_HEADER = YES;
				CLANG_WARN_RANGE_LOOP_ANALYSIS = YES;
				CLANG_WARN_STRICT_PROTOTYPES = YES;
				CLANG_WARN_SUSPICIOUS_MOVE = YES;
				CLANG_WARN_UNGUARDED_AVAILABILITY = YES_AGGRESSIVE;
				CLANG_WARN_UNREACHABLE_CODE = YES;
				CLANG_WARN__DUPLICATE_METHOD_MATCH = YES;
				COPY_PHASE_STRIP = NO;
				DEBUG_INFORMATION_FORMAT = dwarf;
				ENABLE_STRICT_OBJC_MSGSEND = YES;
				ENABLE_TESTABILITY = YES;
				ENABLE_USER_SCRIPT_SANDBOXING = YES;
				GCC_C_LANGUAGE_STANDARD = gnu17;
				GCC_DYNAMIC_NO_PIC = NO;
				GCC_NO_COMMON_BLOCKS = YES;
				GCC_OPTIMIZATION_LEVEL = 0;
				GCC_PREPROCESSOR_DEFINITIONS = (
					"DEBUG=1",
					"$(inherited)",
				);
				GCC_WARN_64_TO_32_BIT_CONVERSION = YES;
				GCC_WARN_ABOUT_RETURN_TYPE = YES_ERROR;
				GCC_WARN_UNDECLARED_SELECTOR = YES;
				GCC_WARN_UNINITIALIZED_AUTOS = YES_AGGRESSIVE;
				GCC_WARN_UNUSED_FUNCTION = YES;
				GCC_WARN_UNUSED_VARIABLE = YES;
				IPHONEOS_DEPLOYMENT_TARGET = 17.4;
				LOCALIZATION_PREFERS_STRING_CATALOGS = YES;
				MTL_ENABLE_DEBUG_INFO = INCLUDE_SOURCE;
				MTL_FAST_MATH = YES;
				ONLY_ACTIVE_ARCH = YES;
				SDKROOT = iphoneos;
				SWIFT_ACTIVE_COMPILATION_CONDITIONS = "DEBUG $(inherited)";
				SWIFT_OPTIMIZATION_LEVEL = "-Onone";
			};
			name = Debug;
		};
		01E408C12C64E02A0006B86F /* Release */ = {
			isa = XCBuildConfiguration;
			buildSettings = {
				ALWAYS_SEARCH_USER_PATHS = NO;
				ASSETCATALOG_COMPILER_GENERATE_SWIFT_ASSET_SYMBOL_EXTENSIONS = YES;
				CLANG_ANALYZER_NONNULL = YES;
				CLANG_ANALYZER_NUMBER_OBJECT_CONVERSION = YES_AGGRESSIVE;
				CLANG_CXX_LANGUAGE_STANDARD = "gnu++20";
				CLANG_ENABLE_MODULES = YES;
				CLANG_ENABLE_OBJC_ARC = YES;
				CLANG_ENABLE_OBJC_WEAK = YES;
				CLANG_WARN_BLOCK_CAPTURE_AUTORELEASING = YES;
				CLANG_WARN_BOOL_CONVERSION = YES;
				CLANG_WARN_COMMA = YES;
				CLANG_WARN_CONSTANT_CONVERSION = YES;
				CLANG_WARN_DEPRECATED_OBJC_IMPLEMENTATIONS = YES;
				CLANG_WARN_DIRECT_OBJC_ISA_USAGE = YES_ERROR;
				CLANG_WARN_DOCUMENTATION_COMMENTS = YES;
				CLANG_WARN_EMPTY_BODY = YES;
				CLANG_WARN_ENUM_CONVERSION = YES;
				CLANG_WARN_INFINITE_RECURSION = YES;
				CLANG_WARN_INT_CONVERSION = YES;
				CLANG_WARN_NON_LITERAL_NULL_CONVERSION = YES;
				CLANG_WARN_OBJC_IMPLICIT_RETAIN_SELF = YES;
				CLANG_WARN_OBJC_LITERAL_CONVERSION = YES;
				CLANG_WARN_OBJC_ROOT_CLASS = YES_ERROR;
				CLANG_WARN_QUOTED_INCLUDE_IN_FRAMEWORK_HEADER = YES;
				CLANG_WARN_RANGE_LOOP_ANALYSIS = YES;
				CLANG_WARN_STRICT_PROTOTYPES = YES;
				CLANG_WARN_SUSPICIOUS_MOVE = YES;
				CLANG_WARN_UNGUARDED_AVAILABILITY = YES_AGGRESSIVE;
				CLANG_WARN_UNREACHABLE_CODE = YES;
				CLANG_WARN__DUPLICATE_METHOD_MATCH = YES;
				COPY_PHASE_STRIP = NO;
				DEBUG_INFORMATION_FORMAT = "dwarf-with-dsym";
				ENABLE_NS_ASSERTIONS = NO;
				ENABLE_STRICT_OBJC_MSGSEND = YES;
				ENABLE_USER_SCRIPT_SANDBOXING = YES;
				GCC_C_LANGUAGE_STANDARD = gnu17;
				GCC_NO_COMMON_BLOCKS = YES;
				GCC_WARN_64_TO_32_BIT_CONVERSION = YES;
				GCC_WARN_ABOUT_RETURN_TYPE = YES_ERROR;
				GCC_WARN_UNDECLARED_SELECTOR = YES;
				GCC_WARN_UNINITIALIZED_AUTOS = YES_AGGRESSIVE;
				GCC_WARN_UNUSED_FUNCTION = YES;
				GCC_WARN_UNUSED_VARIABLE = YES;
				IPHONEOS_DEPLOYMENT_TARGET = 17.4;
				LOCALIZATION_PREFERS_STRING_CATALOGS = YES;
				MTL_ENABLE_DEBUG_INFO = NO;
				MTL_FAST_MATH = YES;
				SDKROOT = iphoneos;
				SWIFT_COMPILATION_MODE = wholemodule;
				VALIDATE_PRODUCT = YES;
			};
			name = Release;
		};
		01E408C32C64E02A0006B86F /* Debug */ = {
			isa = XCBuildConfiguration;
			buildSettings = {
				ASSETCATALOG_COMPILER_APPICON_NAME = AppIcon;
				ASSETCATALOG_COMPILER_GLOBAL_ACCENT_COLOR_NAME = AccentColor;
				CODE_SIGN_STYLE = Automatic;
				CURRENT_PROJECT_VERSION = 1;
				DEVELOPMENT_TEAM = 7S6PH8TVFD;
				GENERATE_INFOPLIST_FILE = YES;
				INFOPLIST_FILE = iTunesSearch/Info.plist;
				INFOPLIST_KEY_UIApplicationSupportsIndirectInputEvents = YES;
				INFOPLIST_KEY_UILaunchStoryboardName = LaunchScreen;
				INFOPLIST_KEY_UISupportedInterfaceOrientations = UIInterfaceOrientationPortrait;
				INFOPLIST_KEY_UISupportedInterfaceOrientations_iPad = "UIInterfaceOrientationLandscapeLeft UIInterfaceOrientationLandscapeRight UIInterfaceOrientationPortrait UIInterfaceOrientationPortraitUpsideDown";
				IPHONEOS_DEPLOYMENT_TARGET = 15.0;
				LD_RUNPATH_SEARCH_PATHS = (
					"$(inherited)",
					"@executable_path/Frameworks",
				);
				MARKETING_VERSION = 1.0;
				PRODUCT_BUNDLE_IDENTIFIER = com.seokho.iTunesSearch;
				PRODUCT_NAME = "$(TARGET_NAME)";
				SUPPORTED_PLATFORMS = "iphoneos iphonesimulator";
				SUPPORTS_MACCATALYST = NO;
				SUPPORTS_MAC_DESIGNED_FOR_IPHONE_IPAD = NO;
				SUPPORTS_XR_DESIGNED_FOR_IPHONE_IPAD = NO;
				SWIFT_EMIT_LOC_STRINGS = YES;
				SWIFT_VERSION = 5.0;
				TARGETED_DEVICE_FAMILY = 1;
			};
			name = Debug;
		};
		01E408C42C64E02A0006B86F /* Release */ = {
			isa = XCBuildConfiguration;
			buildSettings = {
				ASSETCATALOG_COMPILER_APPICON_NAME = AppIcon;
				ASSETCATALOG_COMPILER_GLOBAL_ACCENT_COLOR_NAME = AccentColor;
				CODE_SIGN_STYLE = Automatic;
				CURRENT_PROJECT_VERSION = 1;
				DEVELOPMENT_TEAM = 7S6PH8TVFD;
				GENERATE_INFOPLIST_FILE = YES;
				INFOPLIST_FILE = iTunesSearch/Info.plist;
				INFOPLIST_KEY_UIApplicationSupportsIndirectInputEvents = YES;
				INFOPLIST_KEY_UILaunchStoryboardName = LaunchScreen;
				INFOPLIST_KEY_UISupportedInterfaceOrientations = UIInterfaceOrientationPortrait;
				INFOPLIST_KEY_UISupportedInterfaceOrientations_iPad = "UIInterfaceOrientationLandscapeLeft UIInterfaceOrientationLandscapeRight UIInterfaceOrientationPortrait UIInterfaceOrientationPortraitUpsideDown";
				IPHONEOS_DEPLOYMENT_TARGET = 15.0;
				LD_RUNPATH_SEARCH_PATHS = (
					"$(inherited)",
					"@executable_path/Frameworks",
				);
				MARKETING_VERSION = 1.0;
				PRODUCT_BUNDLE_IDENTIFIER = com.seokho.iTunesSearch;
				PRODUCT_NAME = "$(TARGET_NAME)";
				SUPPORTED_PLATFORMS = "iphoneos iphonesimulator";
				SUPPORTS_MACCATALYST = NO;
				SUPPORTS_MAC_DESIGNED_FOR_IPHONE_IPAD = NO;
				SUPPORTS_XR_DESIGNED_FOR_IPHONE_IPAD = NO;
				SWIFT_EMIT_LOC_STRINGS = YES;
				SWIFT_VERSION = 5.0;
				TARGETED_DEVICE_FAMILY = 1;
			};
			name = Release;
		};
/* End XCBuildConfiguration section */

/* Begin XCConfigurationList section */
		01E408A92C64E0280006B86F /* Build configuration list for PBXProject "iTunesSearch" */ = {
			isa = XCConfigurationList;
			buildConfigurations = (
				01E408C02C64E02A0006B86F /* Debug */,
				01E408C12C64E02A0006B86F /* Release */,
			);
			defaultConfigurationIsVisible = 0;
			defaultConfigurationName = Release;
		};
		01E408C22C64E02A0006B86F /* Build configuration list for PBXNativeTarget "iTunesSearch" */ = {
			isa = XCConfigurationList;
			buildConfigurations = (
				01E408C32C64E02A0006B86F /* Debug */,
				01E408C42C64E02A0006B86F /* Release */,
			);
			defaultConfigurationIsVisible = 0;
			defaultConfigurationName = Release;
		};
/* End XCConfigurationList section */

/* Begin XCRemoteSwiftPackageReference section */
		01E408C72C64E72E0006B86F /* XCRemoteSwiftPackageReference "SnapKit" */ = {
			isa = XCRemoteSwiftPackageReference;
			repositoryURL = "https://github.com/SnapKit/SnapKit";
			requirement = {
				kind = upToNextMajorVersion;
				minimumVersion = 5.7.1;
			};
		};
		01E408CA2C64E7430006B86F /* XCRemoteSwiftPackageReference "RxSwift" */ = {
			isa = XCRemoteSwiftPackageReference;
			repositoryURL = "https://github.com/ReactiveX/RxSwift";
			requirement = {
				kind = upToNextMajorVersion;
				minimumVersion = 6.7.1;
			};
		};
		01E408D52C65DF280006B86F /* XCRemoteSwiftPackageReference "Kingfisher" */ = {
			isa = XCRemoteSwiftPackageReference;
			repositoryURL = "https://github.com/onevcat/Kingfisher.git";
			requirement = {
				kind = upToNextMajorVersion;
				minimumVersion = 7.12.0;
			};
		};
/* End XCRemoteSwiftPackageReference section */

/* Begin XCSwiftPackageProductDependency section */
		01E408C82C64E72E0006B86F /* SnapKit */ = {
			isa = XCSwiftPackageProductDependency;
			package = 01E408C72C64E72E0006B86F /* XCRemoteSwiftPackageReference "SnapKit" */;
			productName = SnapKit;
		};
		01E408CB2C64E7430006B86F /* RxCocoa */ = {
			isa = XCSwiftPackageProductDependency;
			package = 01E408CA2C64E7430006B86F /* XCRemoteSwiftPackageReference "RxSwift" */;
			productName = RxCocoa;
		};
		01E408CD2C64E7430006B86F /* RxSwift */ = {
			isa = XCSwiftPackageProductDependency;
			package = 01E408CA2C64E7430006B86F /* XCRemoteSwiftPackageReference "RxSwift" */;
			productName = RxSwift;
		};
		01E408D62C65DF280006B86F /* Kingfisher */ = {
			isa = XCSwiftPackageProductDependency;
			package = 01E408D52C65DF280006B86F /* XCRemoteSwiftPackageReference "Kingfisher" */;
			productName = Kingfisher;
		};
/* End XCSwiftPackageProductDependency section */
	};
	rootObject = 01E408A62C64E0280006B86F /* Project object */;
}
